
Microsoft Visual Studio Solution File, Format Version 12.00
# Visual Studio Version 17
VisualStudioVersion = 17.5.33414.496
MinimumVisualStudioVersion = 10.0.40219.1
Project("{FAE04EC0-301F-11D3-BF4B-00C04F79EFBC}") = "Exercicio_IMC", "Exercicio_IMC\Exercicio_IMC.csproj", "{104F3BD0-7249-4A67-A53E-A00C64E2AB8F}"
EndProject
Global
	GlobalSection(SolutionConfigurationPlatforms) = preSolution
		Debug|Any CPU = Debug|Any CPU
		Release|Any CPU = Release|Any CPU
	EndGlobalSection
	GlobalSection(ProjectConfigurationPlatforms) = postSolution
		{104F3BD0-7249-4A67-A53E-A00C64E2AB8F}.Debug|Any CPU.ActiveCfg = Debug|Any CPU
		{104F3BD0-7249-4A67-A53E-A00C64E2AB8F}.Debug|Any CPU.Build.0 = Debug|Any CPU
		{104F3BD0-7249-4A67-A53E-A00C64E2AB8F}.Release|Any CPU.ActiveCfg = Release|Any CPU
		{104F3BD0-7249-4A67-A53E-A00C64E2AB8F}.Release|Any CPU.Build.0 = Release|Any CPU
	EndGlobalSection
	GlobalSection(SolutionProperties) = preSolution
		HideSolutionNode = FALSE
	EndGlobalSection
	GlobalSection(ExtensibilityGlobals) = postSolution
		SolutionGuid = {A3C168CE-FA28-4A91-A67D-B6FE5D35E35D}
	EndGlobalSection
EndGlobal
